
Microsoft Visual Studio Solution File, Format Version 12.00
# Visual Studio 2013
VisualStudioVersion = 12.0.40629.0
MinimumVisualStudioVersion = 10.0.40219.1
Project("{FAE04EC0-301F-11D3-BF4B-00C04F79EFBC}") = "SDKClientSharp", "SDKClientSharp\SDKClientSharp.csproj", "{A633591D-CE97-4DB7-A828-DCBC9038F1E8}"
EndProject
Project("{FAE04EC0-301F-11D3-BF4B-00C04F79EFBC}") = "HaSdkWrapper", "HaSdkWrapper\HaSdkWrapper.csproj", "{EAA05B2F-59DA-4BC3-A629-7C8933B04845}"
EndProject
Global
	GlobalSection(SolutionConfigurationPlatforms) = preSolution
		Debug|x64 = Debug|x64
		Debug|x86 = Debug|x86
		Release|x64 = Release|x64
		Release|x86 = Release|x86
	EndGlobalSection
	GlobalSection(ProjectConfigurationPlatforms) = postSolution
		{A633591D-CE97-4DB7-A828-DCBC9038F1E8}.Debug|x64.ActiveCfg = Debug|x64
		{A633591D-CE97-4DB7-A828-DCBC9038F1E8}.Debug|x64.Build.0 = Debug|x64
		{A633591D-CE97-4DB7-A828-DCBC9038F1E8}.Debug|x86.ActiveCfg = Debug|x86
		{A633591D-CE97-4DB7-A828-DCBC9038F1E8}.Debug|x86.Build.0 = Debug|x86
		{A633591D-CE97-4DB7-A828-DCBC9038F1E8}.Release|x64.ActiveCfg = Release|x64
		{A633591D-CE97-4DB7-A828-DCBC9038F1E8}.Release|x64.Build.0 = Release|x64
		{A633591D-CE97-4DB7-A828-DCBC9038F1E8}.Release|x86.ActiveCfg = Release|x86
		{A633591D-CE97-4DB7-A828-DCBC9038F1E8}.Release|x86.Build.0 = Release|x86
		{EAA05B2F-59DA-4BC3-A629-7C8933B04845}.Debug|x64.ActiveCfg = Debug|x64
		{EAA05B2F-59DA-4BC3-A629-7C8933B04845}.Debug|x64.Build.0 = Debug|x64
		{EAA05B2F-59DA-4BC3-A629-7C8933B04845}.Debug|x86.ActiveCfg = Debug|x86
		{EAA05B2F-59DA-4BC3-A629-7C8933B04845}.Debug|x86.Build.0 = Debug|x86
		{EAA05B2F-59DA-4BC3-A629-7C8933B04845}.Release|x64.ActiveCfg = Release|x64
		{EAA05B2F-59DA-4BC3-A629-7C8933B04845}.Release|x64.Build.0 = Release|x64
		{EAA05B2F-59DA-4BC3-A629-7C8933B04845}.Release|x86.ActiveCfg = Release|x86
		{EAA05B2F-59DA-4BC3-A629-7C8933B04845}.Release|x86.Build.0 = Release|x86
	EndGlobalSection
	GlobalSection(SolutionProperties) = preSolution
		HideSolutionNode = FALSE
	EndGlobalSection
EndGlobal
